
Microsoft Visual Studio Solution File, Format Version 12.00
Project("{FAE04EC0-301F-11D3-BF4B-00C04F79EFBC}") = "sdk_core_ethers", "sdk_core_ethers\sdk_core_ethers.csproj", "{F256B065-5B89-499C-8451-4C3337E92583}"
EndProject
Global
	GlobalSection(SolutionConfigurationPlatforms) = preSolution
		Debug|Any CPU = Debug|Any CPU
		Release|Any CPU = Release|Any CPU
	EndGlobalSection
	GlobalSection(ProjectConfigurationPlatforms) = postSolution
		{F256B065-5B89-499C-8451-4C3337E92583}.Debug|Any CPU.ActiveCfg = Debug|Any CPU
		{F256B065-5B89-499C-8451-4C3337E92583}.Debug|Any CPU.Build.0 = Debug|Any CPU
		{F256B065-5B89-499C-8451-4C3337E92583}.Release|Any CPU.ActiveCfg = Release|Any CPU
		{F256B065-5B89-499C-8451-4C3337E92583}.Release|Any CPU.Build.0 = Release|Any CPU
	EndGlobalSection
EndGlobal
